
Microsoft Visual Studio Solution File, Format Version 12.00
# Visual Studio Version 17
VisualStudioVersion = 17.11.35327.3
MinimumVisualStudioVersion = 10.0.40219.1
Project("{9A19103F-16F7-4668-BE54-9A1E7A4F7556}") = "JoinsPracApp", "JoinsFromMSDoc\JoinsPracApp.csproj", "{98088C34-6845-4FCB-94D3-C5A0A1621FDE}"
EndProject
Project("{9A19103F-16F7-4668-BE54-9A1E7A4F7556}") = "FilterData", "FilterData\FilterData.csproj", "{ECA3A3FE-DAA8-4000-90D8-BF4372821D3C}"
EndProject
Project("{9A19103F-16F7-4668-BE54-9A1E7A4F7556}") = "ProjectionOperations", "ProjectionOperations\ProjectionOperations.csproj", "{63771AD4-2038-49BF-8AD2-E4984F142B71}"
EndProject
Project("{9A19103F-16F7-4668-BE54-9A1E7A4F7556}") = "SetOperations", "SetOperations\SetOperations.csproj", "{884FA2BF-34B8-4F39-BDB1-638E391343EA}"
EndProject
Project("{FAE04EC0-301F-11D3-BF4B-00C04F79EFBC}") = "Shared", "Shared\Shared.csproj", "{774C3106-D45F-459B-9F59-973F3902DC16}"
EndProject
Project("{FAE04EC0-301F-11D3-BF4B-00C04F79EFBC}") = "Sorting Data", "Sorting Data\Sorting Data.csproj", "{0D4C36F1-C828-4A0C-AF37-A4CBF63DE8C5}"
EndProject
Global
	GlobalSection(SolutionConfigurationPlatforms) = preSolution
		Debug|Any CPU = Debug|Any CPU
		Release|Any CPU = Release|Any CPU
	EndGlobalSection
	GlobalSection(ProjectConfigurationPlatforms) = postSolution
		{98088C34-6845-4FCB-94D3-C5A0A1621FDE}.Debug|Any CPU.ActiveCfg = Debug|Any CPU
		{98088C34-6845-4FCB-94D3-C5A0A1621FDE}.Debug|Any CPU.Build.0 = Debug|Any CPU
		{98088C34-6845-4FCB-94D3-C5A0A1621FDE}.Release|Any CPU.ActiveCfg = Release|Any CPU
		{98088C34-6845-4FCB-94D3-C5A0A1621FDE}.Release|Any CPU.Build.0 = Release|Any CPU
		{ECA3A3FE-DAA8-4000-90D8-BF4372821D3C}.Debug|Any CPU.ActiveCfg = Debug|Any CPU
		{ECA3A3FE-DAA8-4000-90D8-BF4372821D3C}.Debug|Any CPU.Build.0 = Debug|Any CPU
		{ECA3A3FE-DAA8-4000-90D8-BF4372821D3C}.Release|Any CPU.ActiveCfg = Release|Any CPU
		{ECA3A3FE-DAA8-4000-90D8-BF4372821D3C}.Release|Any CPU.Build.0 = Release|Any CPU
		{63771AD4-2038-49BF-8AD2-E4984F142B71}.Debug|Any CPU.ActiveCfg = Debug|Any CPU
		{63771AD4-2038-49BF-8AD2-E4984F142B71}.Debug|Any CPU.Build.0 = Debug|Any CPU
		{63771AD4-2038-49BF-8AD2-E4984F142B71}.Release|Any CPU.ActiveCfg = Release|Any CPU
		{63771AD4-2038-49BF-8AD2-E4984F142B71}.Release|Any CPU.Build.0 = Release|Any CPU
		{884FA2BF-34B8-4F39-BDB1-638E391343EA}.Debug|Any CPU.ActiveCfg = Debug|Any CPU
		{884FA2BF-34B8-4F39-BDB1-638E391343EA}.Debug|Any CPU.Build.0 = Debug|Any CPU
		{884FA2BF-34B8-4F39-BDB1-638E391343EA}.Release|Any CPU.ActiveCfg = Release|Any CPU
		{884FA2BF-34B8-4F39-BDB1-638E391343EA}.Release|Any CPU.Build.0 = Release|Any CPU
		{774C3106-D45F-459B-9F59-973F3902DC16}.Debug|Any CPU.ActiveCfg = Debug|Any CPU
		{774C3106-D45F-459B-9F59-973F3902DC16}.Debug|Any CPU.Build.0 = Debug|Any CPU
		{774C3106-D45F-459B-9F59-973F3902DC16}.Release|Any CPU.ActiveCfg = Release|Any CPU
		{774C3106-D45F-459B-9F59-973F3902DC16}.Release|Any CPU.Build.0 = Release|Any CPU
		{0D4C36F1-C828-4A0C-AF37-A4CBF63DE8C5}.Debug|Any CPU.ActiveCfg = Debug|Any CPU
		{0D4C36F1-C828-4A0C-AF37-A4CBF63DE8C5}.Debug|Any CPU.Build.0 = Debug|Any CPU
		{0D4C36F1-C828-4A0C-AF37-A4CBF63DE8C5}.Release|Any CPU.ActiveCfg = Release|Any CPU
		{0D4C36F1-C828-4A0C-AF37-A4CBF63DE8C5}.Release|Any CPU.Build.0 = Release|Any CPU
	EndGlobalSection
	GlobalSection(SolutionProperties) = preSolution
		HideSolutionNode = FALSE
	EndGlobalSection
	GlobalSection(ExtensibilityGlobals) = postSolution
		SolutionGuid = {AF55171C-D296-4EBC-98A8-06E55A0C5090}
	EndGlobalSection
EndGlobal
