
Microsoft Visual Studio Solution File, Format Version 12.00
# Visual Studio Version 17
VisualStudioVersion = 17.11.35327.3
MinimumVisualStudioVersion = 10.0.40219.1
Project("{9A19103F-16F7-4668-BE54-9A1E7A4F7556}") = "JoinsPracApp", "JoinsFromMSDoc\JoinsPracApp.csproj", "{98088C34-6845-4FCB-94D3-C5A0A1621FDE}"
EndProject
Project("{FAE04EC0-301F-11D3-BF4B-00C04F79EFBC}") = "FilterData", "FilterData\FilterData.csproj", "{ECA3A3FE-DAA8-4000-90D8-BF4372821D3C}"
EndProject
Project("{FAE04EC0-301F-11D3-BF4B-00C04F79EFBC}") = "ProjectionOperations", "ProjectionOperations\ProjectionOperations.csproj", "{63771AD4-2038-49BF-8AD2-E4984F142B71}"
EndProject
Global
	GlobalSection(SolutionConfigurationPlatforms) = preSolution
		Debug|Any CPU = Debug|Any CPU
		Release|Any CPU = Release|Any CPU
	EndGlobalSection
	GlobalSection(ProjectConfigurationPlatforms) = postSolution
		{98088C34-6845-4FCB-94D3-C5A0A1621FDE}.Debug|Any CPU.ActiveCfg = Debug|Any CPU
		{98088C34-6845-4FCB-94D3-C5A0A1621FDE}.Debug|Any CPU.Build.0 = Debug|Any CPU
		{98088C34-6845-4FCB-94D3-C5A0A1621FDE}.Release|Any CPU.ActiveCfg = Release|Any CPU
		{98088C34-6845-4FCB-94D3-C5A0A1621FDE}.Release|Any CPU.Build.0 = Release|Any CPU
		{ECA3A3FE-DAA8-4000-90D8-BF4372821D3C}.Debug|Any CPU.ActiveCfg = Debug|Any CPU
		{ECA3A3FE-DAA8-4000-90D8-BF4372821D3C}.Debug|Any CPU.Build.0 = Debug|Any CPU
		{ECA3A3FE-DAA8-4000-90D8-BF4372821D3C}.Release|Any CPU.ActiveCfg = Release|Any CPU
		{ECA3A3FE-DAA8-4000-90D8-BF4372821D3C}.Release|Any CPU.Build.0 = Release|Any CPU
		{63771AD4-2038-49BF-8AD2-E4984F142B71}.Debug|Any CPU.ActiveCfg = Debug|Any CPU
		{63771AD4-2038-49BF-8AD2-E4984F142B71}.Debug|Any CPU.Build.0 = Debug|Any CPU
		{63771AD4-2038-49BF-8AD2-E4984F142B71}.Release|Any CPU.ActiveCfg = Release|Any CPU
		{63771AD4-2038-49BF-8AD2-E4984F142B71}.Release|Any CPU.Build.0 = Release|Any CPU
	EndGlobalSection
	GlobalSection(SolutionProperties) = preSolution
		HideSolutionNode = FALSE
	EndGlobalSection
	GlobalSection(ExtensibilityGlobals) = postSolution
		SolutionGuid = {AF55171C-D296-4EBC-98A8-06E55A0C5090}
	EndGlobalSection
EndGlobal
